# THIS IS AN AUTOGENERATED FILE. DO NOT EDIT THIS FILE DIRECTLY.
# yarn lockfile v1


intl-io@^0.2.7:
  version "0.2.7"
  resolved "https://registry.yarnpkg.com/intl-io/-/intl-io-0.2.7.tgz#2fa80c57f8f99bb843e47db635d3109a30a6ede5"

route-parser@^0.0.5:
  version "0.0.5"
  resolved "https://registry.yarnpkg.com/route-parser/-/route-parser-0.0.5.tgz#7d1d09d335e49094031ea16991a4a79b01bbe1f4"
